
Microsoft Visual Studio Solution File, Format Version 12.00
# Visual Studio Version 16
VisualStudioVersion = 16.0.30804.86
MinimumVisualStudioVersion = 10.0.40219.1
Project("{FAE04EC0-301F-11D3-BF4B-00C04F79EFBC}") = "WebApp", "WebApp\WebApp.csproj", "{8BEF3127-F67E-4632-A139-06C1B5DCA974}"
EndProject
Global
	GlobalSection(SolutionConfigurationPlatforms) = preSolution
		Debug|Any CPU = Debug|Any CPU
		Release|Any CPU = Release|Any CPU
	EndGlobalSection
	GlobalSection(ProjectConfigurationPlatforms) = postSolution
		{8BEF3127-F67E-4632-A139-06C1B5DCA974}.Debug|Any CPU.ActiveCfg = Debug|Any CPU
		{8BEF3127-F67E-4632-A139-06C1B5DCA974}.Debug|Any CPU.Build.0 = Debug|Any CPU
		{8BEF3127-F67E-4632-A139-06C1B5DCA974}.Release|Any CPU.ActiveCfg = Release|Any CPU
		{8BEF3127-F67E-4632-A139-06C1B5DCA974}.Release|Any CPU.Build.0 = Release|Any CPU
	EndGlobalSection
	GlobalSection(SolutionProperties) = preSolution
		HideSolutionNode = FALSE
	EndGlobalSection
	GlobalSection(ExtensibilityGlobals) = postSolution
		SolutionGuid = {242CE480-55C4-4586-B1F8-4433B0FA250F}
	EndGlobalSection
EndGlobal
