
Microsoft Visual Studio Solution File, Format Version 12.00
# Visual Studio Version 16
VisualStudioVersion = 16.0.30804.86
MinimumVisualStudioVersion = 10.0.40219.1
Project("{9A19103F-16F7-4668-BE54-9A1E7A4F7556}") = "WebApp", "WebApp\WebApp.csproj", "{8BEF3127-F67E-4632-A139-06C1B5DCA974}"
EndProject
Project("{FAE04EC0-301F-11D3-BF4B-00C04F79EFBC}") = "Data", "Data\Data.csproj", "{A4911D48-5259-42F3-A13D-8D61CC7AF548}"
EndProject
Project("{FAE04EC0-301F-11D3-BF4B-00C04F79EFBC}") = "Application", "Application\Application.csproj", "{57B64C24-B517-4BF7-B8E3-434D338BF47C}"
EndProject
Project("{FAE04EC0-301F-11D3-BF4B-00C04F79EFBC}") = "Extensions", "Extensions\Extensions.csproj", "{CB8F8B47-414E-49E4-8FAA-4E2BEC9A137A}"
EndProject
Project("{FAE04EC0-301F-11D3-BF4B-00C04F79EFBC}") = "ViewModels", "ViewModels\ViewModels.csproj", "{81CCBF90-C904-46D5-B62C-5208809B6C3D}"
EndProject
Project("{FAE04EC0-301F-11D3-BF4B-00C04F79EFBC}") = "Utilities", "Utilities\Utilities.csproj", "{BC14154C-5AB3-4D54-9ECE-4C5CDFC37E9B}"
EndProject
Project("{FAE04EC0-301F-11D3-BF4B-00C04F79EFBC}") = "AdminApp", "AdminApp\AdminApp.csproj", "{05EAC9F4-3289-4F8A-955E-C2114E5861AA}"
EndProject
Project("{FAE04EC0-301F-11D3-BF4B-00C04F79EFBC}") = "BackendApi", "BackendApi\BackendApi.csproj", "{5ACB011B-6386-4BD2-B974-236B6A2502B5}"
EndProject
Project("{FAE04EC0-301F-11D3-BF4B-00C04F79EFBC}") = "ApiSer", "ApiSer\ApiSer.csproj", "{20E296D8-D941-45E9-AD3C-5729F941ADEE}"
EndProject
Global
	GlobalSection(SolutionConfigurationPlatforms) = preSolution
		Debug|Any CPU = Debug|Any CPU
		Release|Any CPU = Release|Any CPU
	EndGlobalSection
	GlobalSection(ProjectConfigurationPlatforms) = postSolution
		{8BEF3127-F67E-4632-A139-06C1B5DCA974}.Debug|Any CPU.ActiveCfg = Debug|Any CPU
		{8BEF3127-F67E-4632-A139-06C1B5DCA974}.Debug|Any CPU.Build.0 = Debug|Any CPU
		{8BEF3127-F67E-4632-A139-06C1B5DCA974}.Release|Any CPU.ActiveCfg = Release|Any CPU
		{8BEF3127-F67E-4632-A139-06C1B5DCA974}.Release|Any CPU.Build.0 = Release|Any CPU
		{A4911D48-5259-42F3-A13D-8D61CC7AF548}.Debug|Any CPU.ActiveCfg = Debug|Any CPU
		{A4911D48-5259-42F3-A13D-8D61CC7AF548}.Debug|Any CPU.Build.0 = Debug|Any CPU
		{A4911D48-5259-42F3-A13D-8D61CC7AF548}.Release|Any CPU.ActiveCfg = Release|Any CPU
		{A4911D48-5259-42F3-A13D-8D61CC7AF548}.Release|Any CPU.Build.0 = Release|Any CPU
		{57B64C24-B517-4BF7-B8E3-434D338BF47C}.Debug|Any CPU.ActiveCfg = Debug|Any CPU
		{57B64C24-B517-4BF7-B8E3-434D338BF47C}.Debug|Any CPU.Build.0 = Debug|Any CPU
		{57B64C24-B517-4BF7-B8E3-434D338BF47C}.Release|Any CPU.ActiveCfg = Release|Any CPU
		{57B64C24-B517-4BF7-B8E3-434D338BF47C}.Release|Any CPU.Build.0 = Release|Any CPU
		{CB8F8B47-414E-49E4-8FAA-4E2BEC9A137A}.Debug|Any CPU.ActiveCfg = Debug|Any CPU
		{CB8F8B47-414E-49E4-8FAA-4E2BEC9A137A}.Debug|Any CPU.Build.0 = Debug|Any CPU
		{CB8F8B47-414E-49E4-8FAA-4E2BEC9A137A}.Release|Any CPU.ActiveCfg = Release|Any CPU
		{CB8F8B47-414E-49E4-8FAA-4E2BEC9A137A}.Release|Any CPU.Build.0 = Release|Any CPU
		{81CCBF90-C904-46D5-B62C-5208809B6C3D}.Debug|Any CPU.ActiveCfg = Debug|Any CPU
		{81CCBF90-C904-46D5-B62C-5208809B6C3D}.Debug|Any CPU.Build.0 = Debug|Any CPU
		{81CCBF90-C904-46D5-B62C-5208809B6C3D}.Release|Any CPU.ActiveCfg = Release|Any CPU
		{81CCBF90-C904-46D5-B62C-5208809B6C3D}.Release|Any CPU.Build.0 = Release|Any CPU
		{BC14154C-5AB3-4D54-9ECE-4C5CDFC37E9B}.Debug|Any CPU.ActiveCfg = Debug|Any CPU
		{BC14154C-5AB3-4D54-9ECE-4C5CDFC37E9B}.Debug|Any CPU.Build.0 = Debug|Any CPU
		{BC14154C-5AB3-4D54-9ECE-4C5CDFC37E9B}.Release|Any CPU.ActiveCfg = Release|Any CPU
		{BC14154C-5AB3-4D54-9ECE-4C5CDFC37E9B}.Release|Any CPU.Build.0 = Release|Any CPU
		{05EAC9F4-3289-4F8A-955E-C2114E5861AA}.Debug|Any CPU.ActiveCfg = Debug|Any CPU
		{05EAC9F4-3289-4F8A-955E-C2114E5861AA}.Debug|Any CPU.Build.0 = Debug|Any CPU
		{05EAC9F4-3289-4F8A-955E-C2114E5861AA}.Release|Any CPU.ActiveCfg = Release|Any CPU
		{05EAC9F4-3289-4F8A-955E-C2114E5861AA}.Release|Any CPU.Build.0 = Release|Any CPU
		{5ACB011B-6386-4BD2-B974-236B6A2502B5}.Debug|Any CPU.ActiveCfg = Debug|Any CPU
		{5ACB011B-6386-4BD2-B974-236B6A2502B5}.Debug|Any CPU.Build.0 = Debug|Any CPU
		{5ACB011B-6386-4BD2-B974-236B6A2502B5}.Release|Any CPU.ActiveCfg = Release|Any CPU
		{5ACB011B-6386-4BD2-B974-236B6A2502B5}.Release|Any CPU.Build.0 = Release|Any CPU
		{20E296D8-D941-45E9-AD3C-5729F941ADEE}.Debug|Any CPU.ActiveCfg = Debug|Any CPU
		{20E296D8-D941-45E9-AD3C-5729F941ADEE}.Debug|Any CPU.Build.0 = Debug|Any CPU
		{20E296D8-D941-45E9-AD3C-5729F941ADEE}.Release|Any CPU.ActiveCfg = Release|Any CPU
		{20E296D8-D941-45E9-AD3C-5729F941ADEE}.Release|Any CPU.Build.0 = Release|Any CPU
	EndGlobalSection
	GlobalSection(SolutionProperties) = preSolution
		HideSolutionNode = FALSE
	EndGlobalSection
	GlobalSection(ExtensibilityGlobals) = postSolution
		SolutionGuid = {242CE480-55C4-4586-B1F8-4433B0FA250F}
	EndGlobalSection
EndGlobal
